
Microsoft Visual Studio Solution File, Format Version 12.00
# Visual Studio Version 16
VisualStudioVersion = 16.0.31624.102
MinimumVisualStudioVersion = 10.0.40219.1
Project("{FAE04EC0-301F-11D3-BF4B-00C04F79EFBC}") = "api", "api\api.csproj", "{3D21F688-507C-4179-ADE9-998A11A5D677}"
EndProject
Project("{9A19103F-16F7-4668-BE54-9A1E7A4F7556}") = "ccoftBLL", "..\ccoftBLL\ccoftBLL.csproj", "{335DBB37-4FE4-41E4-A57E-D87620B121FE}"
EndProject
Project("{9A19103F-16F7-4668-BE54-9A1E7A4F7556}") = "ccoftDAL", "..\ccoftDAL\ccoftDAL.csproj", "{7818FCFA-40D0-471B-A1BD-4A2901FC8386}"
EndProject
Project("{9A19103F-16F7-4668-BE54-9A1E7A4F7556}") = "ccoftOBJ", "..\ccoftOBJ\ccoftOBJ.csproj", "{DF4287AE-523E-4FCC-8581-38F76B015276}"
EndProject
Global
	GlobalSection(SolutionConfigurationPlatforms) = preSolution
		Debug|Any CPU = Debug|Any CPU
		Release|Any CPU = Release|Any CPU
	EndGlobalSection
	GlobalSection(ProjectConfigurationPlatforms) = postSolution
		{3D21F688-507C-4179-ADE9-998A11A5D677}.Debug|Any CPU.ActiveCfg = Debug|Any CPU
		{3D21F688-507C-4179-ADE9-998A11A5D677}.Debug|Any CPU.Build.0 = Debug|Any CPU
		{3D21F688-507C-4179-ADE9-998A11A5D677}.Release|Any CPU.ActiveCfg = Release|Any CPU
		{3D21F688-507C-4179-ADE9-998A11A5D677}.Release|Any CPU.Build.0 = Release|Any CPU
		{335DBB37-4FE4-41E4-A57E-D87620B121FE}.Debug|Any CPU.ActiveCfg = Debug|Any CPU
		{335DBB37-4FE4-41E4-A57E-D87620B121FE}.Debug|Any CPU.Build.0 = Debug|Any CPU
		{335DBB37-4FE4-41E4-A57E-D87620B121FE}.Release|Any CPU.ActiveCfg = Release|Any CPU
		{335DBB37-4FE4-41E4-A57E-D87620B121FE}.Release|Any CPU.Build.0 = Release|Any CPU
		{7818FCFA-40D0-471B-A1BD-4A2901FC8386}.Debug|Any CPU.ActiveCfg = Debug|Any CPU
		{7818FCFA-40D0-471B-A1BD-4A2901FC8386}.Debug|Any CPU.Build.0 = Debug|Any CPU
		{7818FCFA-40D0-471B-A1BD-4A2901FC8386}.Release|Any CPU.ActiveCfg = Release|Any CPU
		{7818FCFA-40D0-471B-A1BD-4A2901FC8386}.Release|Any CPU.Build.0 = Release|Any CPU
		{DF4287AE-523E-4FCC-8581-38F76B015276}.Debug|Any CPU.ActiveCfg = Debug|Any CPU
		{DF4287AE-523E-4FCC-8581-38F76B015276}.Debug|Any CPU.Build.0 = Debug|Any CPU
		{DF4287AE-523E-4FCC-8581-38F76B015276}.Release|Any CPU.ActiveCfg = Release|Any CPU
		{DF4287AE-523E-4FCC-8581-38F76B015276}.Release|Any CPU.Build.0 = Release|Any CPU
	EndGlobalSection
	GlobalSection(SolutionProperties) = preSolution
		HideSolutionNode = FALSE
	EndGlobalSection
	GlobalSection(ExtensibilityGlobals) = postSolution
		SolutionGuid = {CFAA7328-5F62-4539-87EA-83954E3D9BAA}
	EndGlobalSection
EndGlobal
